
Microsoft Visual Studio Solution File, Format Version 12.00
# Visual Studio Version 16
VisualStudioVersion = 16.0.30011.22
MinimumVisualStudioVersion = 10.0.40219.1
Project("{FAE04EC0-301F-11D3-BF4B-00C04F79EFBC}") = "EDISupportTool", "EDISupportTool.csproj", "{C9270694-20CF-4020-8907-312E2CB32929}"
EndProject
Global
	GlobalSection(SolutionConfigurationPlatforms) = preSolution
		Debug|Any CPU = Debug|Any CPU
		Release|Any CPU = Release|Any CPU
	EndGlobalSection
	GlobalSection(ProjectConfigurationPlatforms) = postSolution
		{C9270694-20CF-4020-8907-312E2CB32929}.Debug|Any CPU.ActiveCfg = Debug|Any CPU
		{C9270694-20CF-4020-8907-312E2CB32929}.Debug|Any CPU.Build.0 = Debug|Any CPU
		{C9270694-20CF-4020-8907-312E2CB32929}.Release|Any CPU.ActiveCfg = Release|Any CPU
		{C9270694-20CF-4020-8907-312E2CB32929}.Release|Any CPU.Build.0 = Release|Any CPU
	EndGlobalSection
	GlobalSection(SolutionProperties) = preSolution
		HideSolutionNode = FALSE
	EndGlobalSection
	GlobalSection(ExtensibilityGlobals) = postSolution
		SolutionGuid = {4D6687BB-A11B-4613-A57D-4FF18D2B31C0}
	EndGlobalSection
EndGlobal
